
Microsoft Visual Studio Solution File, Format Version 12.00
# Visual Studio 15
VisualStudioVersion = 15.0.26403.3
MinimumVisualStudioVersion = 15.0.26124.0
Project("{2150E333-8FDC-42A3-9474-1A3956D46DE8}") = "Solution Items", "Solution Items", "{FA44B622-E2C3-42E9-BE68-335B26180C7D}"
EndProject
Project("{9A19103F-16F7-4668-BE54-9A1E7A4F7556}") = "Server", "Server\Server.csproj", "{CC2EB760-4180-482E-9BCA-BE1E522D730A}"
EndProject
Project("{9A19103F-16F7-4668-BE54-9A1E7A4F7556}") = "AngularSpa", "AngularSpa\AngularSpa.csproj", "{056B0D6D-BB44-4B1A-A720-1A7D174D4EA5}"
EndProject
Global
	GlobalSection(SolutionConfigurationPlatforms) = preSolution
		Debug|Any CPU = Debug|Any CPU
		Release|Any CPU = Release|Any CPU
	EndGlobalSection
	GlobalSection(ProjectConfigurationPlatforms) = postSolution
		{CC2EB760-4180-482E-9BCA-BE1E522D730A}.Debug|Any CPU.ActiveCfg = Debug|Any CPU
		{CC2EB760-4180-482E-9BCA-BE1E522D730A}.Debug|Any CPU.Build.0 = Debug|Any CPU
		{CC2EB760-4180-482E-9BCA-BE1E522D730A}.Release|Any CPU.ActiveCfg = Release|Any CPU
		{CC2EB760-4180-482E-9BCA-BE1E522D730A}.Release|Any CPU.Build.0 = Release|Any CPU
		{056B0D6D-BB44-4B1A-A720-1A7D174D4EA5}.Debug|Any CPU.ActiveCfg = Debug|Any CPU
		{056B0D6D-BB44-4B1A-A720-1A7D174D4EA5}.Debug|Any CPU.Build.0 = Debug|Any CPU
		{056B0D6D-BB44-4B1A-A720-1A7D174D4EA5}.Release|Any CPU.ActiveCfg = Release|Any CPU
		{056B0D6D-BB44-4B1A-A720-1A7D174D4EA5}.Release|Any CPU.Build.0 = Release|Any CPU
	EndGlobalSection
	GlobalSection(SolutionProperties) = preSolution
		HideSolutionNode = FALSE
	EndGlobalSection
EndGlobal
